
Microsoft Visual Studio Solution File, Format Version 12.00
# Visual Studio Version 16
VisualStudioVersion = 16.0.30011.22
MinimumVisualStudioVersion = 10.0.40219.1
Project("{FAE04EC0-301F-11D3-BF4B-00C04F79EFBC}") = "Mobile.Android", "Mobile\Mobile.Android\Mobile.Android.csproj", "{ACC07784-DA3F-4040-9EC6-1C85E38B9AD9}"
EndProject
Project("{FAE04EC0-301F-11D3-BF4B-00C04F79EFBC}") = "Mobile.iOS", "Mobile\Mobile.iOS\Mobile.iOS.csproj", "{32A7D15D-3C9C-4A09-B924-C1C6067783F6}"
EndProject
Project("{FAE04EC0-301F-11D3-BF4B-00C04F79EFBC}") = "Mobile", "Mobile\Mobile\Mobile.csproj", "{8E7967CB-7EF6-4C00-BE25-C84FC8A56837}"
EndProject
Global
	GlobalSection(SolutionConfigurationPlatforms) = preSolution
		Debug|Any CPU = Debug|Any CPU
		Debug|iPhone = Debug|iPhone
		Debug|iPhoneSimulator = Debug|iPhoneSimulator
		Release|Any CPU = Release|Any CPU
		Release|iPhone = Release|iPhone
		Release|iPhoneSimulator = Release|iPhoneSimulator
	EndGlobalSection
	GlobalSection(ProjectConfigurationPlatforms) = postSolution
		{ACC07784-DA3F-4040-9EC6-1C85E38B9AD9}.Debug|Any CPU.ActiveCfg = Debug|Any CPU
		{ACC07784-DA3F-4040-9EC6-1C85E38B9AD9}.Debug|Any CPU.Build.0 = Debug|Any CPU
		{ACC07784-DA3F-4040-9EC6-1C85E38B9AD9}.Debug|Any CPU.Deploy.0 = Debug|Any CPU
		{ACC07784-DA3F-4040-9EC6-1C85E38B9AD9}.Debug|iPhone.ActiveCfg = Debug|Any CPU
		{ACC07784-DA3F-4040-9EC6-1C85E38B9AD9}.Debug|iPhone.Build.0 = Debug|Any CPU
		{ACC07784-DA3F-4040-9EC6-1C85E38B9AD9}.Debug|iPhone.Deploy.0 = Debug|Any CPU
		{ACC07784-DA3F-4040-9EC6-1C85E38B9AD9}.Debug|iPhoneSimulator.ActiveCfg = Debug|Any CPU
		{ACC07784-DA3F-4040-9EC6-1C85E38B9AD9}.Debug|iPhoneSimulator.Build.0 = Debug|Any CPU
		{ACC07784-DA3F-4040-9EC6-1C85E38B9AD9}.Debug|iPhoneSimulator.Deploy.0 = Debug|Any CPU
		{ACC07784-DA3F-4040-9EC6-1C85E38B9AD9}.Release|Any CPU.ActiveCfg = Release|Any CPU
		{ACC07784-DA3F-4040-9EC6-1C85E38B9AD9}.Release|Any CPU.Build.0 = Release|Any CPU
		{ACC07784-DA3F-4040-9EC6-1C85E38B9AD9}.Release|Any CPU.Deploy.0 = Release|Any CPU
		{ACC07784-DA3F-4040-9EC6-1C85E38B9AD9}.Release|iPhone.ActiveCfg = Release|Any CPU
		{ACC07784-DA3F-4040-9EC6-1C85E38B9AD9}.Release|iPhone.Build.0 = Release|Any CPU
		{ACC07784-DA3F-4040-9EC6-1C85E38B9AD9}.Release|iPhone.Deploy.0 = Release|Any CPU
		{ACC07784-DA3F-4040-9EC6-1C85E38B9AD9}.Release|iPhoneSimulator.ActiveCfg = Release|Any CPU
		{ACC07784-DA3F-4040-9EC6-1C85E38B9AD9}.Release|iPhoneSimulator.Build.0 = Release|Any CPU
		{ACC07784-DA3F-4040-9EC6-1C85E38B9AD9}.Release|iPhoneSimulator.Deploy.0 = Release|Any CPU
		{32A7D15D-3C9C-4A09-B924-C1C6067783F6}.Debug|Any CPU.ActiveCfg = Debug|iPhone
		{32A7D15D-3C9C-4A09-B924-C1C6067783F6}.Debug|iPhone.ActiveCfg = Debug|iPhone
		{32A7D15D-3C9C-4A09-B924-C1C6067783F6}.Debug|iPhone.Build.0 = Debug|iPhone
		{32A7D15D-3C9C-4A09-B924-C1C6067783F6}.Debug|iPhoneSimulator.ActiveCfg = Debug|iPhoneSimulator
		{32A7D15D-3C9C-4A09-B924-C1C6067783F6}.Debug|iPhoneSimulator.Build.0 = Debug|iPhoneSimulator
		{32A7D15D-3C9C-4A09-B924-C1C6067783F6}.Release|Any CPU.ActiveCfg = Release|iPhone
		{32A7D15D-3C9C-4A09-B924-C1C6067783F6}.Release|iPhone.ActiveCfg = Release|iPhone
		{32A7D15D-3C9C-4A09-B924-C1C6067783F6}.Release|iPhone.Build.0 = Release|iPhone
		{32A7D15D-3C9C-4A09-B924-C1C6067783F6}.Release|iPhoneSimulator.ActiveCfg = Release|iPhoneSimulator
		{32A7D15D-3C9C-4A09-B924-C1C6067783F6}.Release|iPhoneSimulator.Build.0 = Release|iPhoneSimulator
		{8E7967CB-7EF6-4C00-BE25-C84FC8A56837}.Debug|Any CPU.ActiveCfg = Debug|Any CPU
		{8E7967CB-7EF6-4C00-BE25-C84FC8A56837}.Debug|Any CPU.Build.0 = Debug|Any CPU
		{8E7967CB-7EF6-4C00-BE25-C84FC8A56837}.Debug|iPhone.ActiveCfg = Debug|Any CPU
		{8E7967CB-7EF6-4C00-BE25-C84FC8A56837}.Debug|iPhone.Build.0 = Debug|Any CPU
		{8E7967CB-7EF6-4C00-BE25-C84FC8A56837}.Debug|iPhoneSimulator.ActiveCfg = Debug|Any CPU
		{8E7967CB-7EF6-4C00-BE25-C84FC8A56837}.Debug|iPhoneSimulator.Build.0 = Debug|Any CPU
		{8E7967CB-7EF6-4C00-BE25-C84FC8A56837}.Release|Any CPU.ActiveCfg = Release|Any CPU
		{8E7967CB-7EF6-4C00-BE25-C84FC8A56837}.Release|Any CPU.Build.0 = Release|Any CPU
		{8E7967CB-7EF6-4C00-BE25-C84FC8A56837}.Release|iPhone.ActiveCfg = Release|Any CPU
		{8E7967CB-7EF6-4C00-BE25-C84FC8A56837}.Release|iPhone.Build.0 = Release|Any CPU
		{8E7967CB-7EF6-4C00-BE25-C84FC8A56837}.Release|iPhoneSimulator.ActiveCfg = Release|Any CPU
		{8E7967CB-7EF6-4C00-BE25-C84FC8A56837}.Release|iPhoneSimulator.Build.0 = Release|Any CPU
	EndGlobalSection
	GlobalSection(SolutionProperties) = preSolution
		HideSolutionNode = FALSE
	EndGlobalSection
	GlobalSection(ExtensibilityGlobals) = postSolution
		SolutionGuid = {6182C580-718B-4443-A509-227DD1DCF153}
	EndGlobalSection
EndGlobal
